
Microsoft Visual Studio Solution File, Format Version 12.00
# Visual Studio 14
VisualStudioVersion = 14.0.23107.0
MinimumVisualStudioVersion = 10.0.40219.1
Project("{FAE04EC0-301F-11D3-BF4B-00C04F79EFBC}") = "MongoRepository", "MongoRepository\MongoRepository.csproj", "{A20FB84C-8465-4F8F-BB96-0A9C5D3FA557}"
EndProject
Project("{FAE04EC0-301F-11D3-BF4B-00C04F79EFBC}") = "WebApi", "WebApi\WebApi.csproj", "{B967B1A6-22B4-4446-A9DB-17B61B9F72F3}"
	ProjectSection(ProjectDependencies) = postProject
		{A20FB84C-8465-4F8F-BB96-0A9C5D3FA557} = {A20FB84C-8465-4F8F-BB96-0A9C5D3FA557}
	EndProjectSection
EndProject
Global
	GlobalSection(SolutionConfigurationPlatforms) = preSolution
		Debug|Any CPU = Debug|Any CPU
		Release|Any CPU = Release|Any CPU
	EndGlobalSection
	GlobalSection(ProjectConfigurationPlatforms) = postSolution
		{A20FB84C-8465-4F8F-BB96-0A9C5D3FA557}.Debug|Any CPU.ActiveCfg = Debug|Any CPU
		{A20FB84C-8465-4F8F-BB96-0A9C5D3FA557}.Debug|Any CPU.Build.0 = Debug|Any CPU
		{A20FB84C-8465-4F8F-BB96-0A9C5D3FA557}.Release|Any CPU.ActiveCfg = Release|Any CPU
		{A20FB84C-8465-4F8F-BB96-0A9C5D3FA557}.Release|Any CPU.Build.0 = Release|Any CPU
		{B967B1A6-22B4-4446-A9DB-17B61B9F72F3}.Debug|Any CPU.ActiveCfg = Debug|Any CPU
		{B967B1A6-22B4-4446-A9DB-17B61B9F72F3}.Debug|Any CPU.Build.0 = Debug|Any CPU
		{B967B1A6-22B4-4446-A9DB-17B61B9F72F3}.Release|Any CPU.ActiveCfg = Release|Any CPU
		{B967B1A6-22B4-4446-A9DB-17B61B9F72F3}.Release|Any CPU.Build.0 = Release|Any CPU
	EndGlobalSection
	GlobalSection(SolutionProperties) = preSolution
		HideSolutionNode = FALSE
	EndGlobalSection
EndGlobal
